// !$*UTF8*$!
{
	archiveVersion = 1;
	classes = {
	};
	objectVersion = 55;
	objects = {

/* Begin PBXBuildFile section */
		754CB71328D9F7C0000CE9B5 /* PizzaBestApp.swift in Sources */ = {isa = PBXBuildFile; fileRef = 754CB71228D9F7C0000CE9B5 /* PizzaBestApp.swift */; };
		754CB71528D9F7C0000CE9B5 /* AuthView.swift in Sources */ = {isa = PBXBuildFile; fileRef = 754CB71428D9F7C0000CE9B5 /* AuthView.swift */; };
		754CB71728D9F7C3000CE9B5 /* Assets.xcassets in Resources */ = {isa = PBXBuildFile; fileRef = 754CB71628D9F7C3000CE9B5 /* Assets.xcassets */; };
		754CB71A28D9F7C3000CE9B5 /* Preview Assets.xcassets in Resources */ = {isa = PBXBuildFile; fileRef = 754CB71928D9F7C3000CE9B5 /* Preview Assets.xcassets */; };
		75ADA1D028E2E3B900DDAED6 /* MainTabBar.swift in Sources */ = {isa = PBXBuildFile; fileRef = 75ADA1CF28E2E3B900DDAED6 /* MainTabBar.swift */; };
		75ADA1D228E2E8BA00DDAED6 /* CatalogView.swift in Sources */ = {isa = PBXBuildFile; fileRef = 75ADA1D128E2E8BA00DDAED6 /* CatalogView.swift */; };
		75ADA1D428E2E8FB00DDAED6 /* CartView.swift in Sources */ = {isa = PBXBuildFile; fileRef = 75ADA1D328E2E8FB00DDAED6 /* CartView.swift */; };
		75ADA1D628E2E92500DDAED6 /* ProfileView.swift in Sources */ = {isa = PBXBuildFile; fileRef = 75ADA1D528E2E92500DDAED6 /* ProfileView.swift */; };
		75ADA1D928E2EF9F00DDAED6 /* Product.swift in Sources */ = {isa = PBXBuildFile; fileRef = 75ADA1D828E2EF9F00DDAED6 /* Product.swift */; };
		75ADA1DB28E2F1E000DDAED6 /* ProductCell.swift in Sources */ = {isa = PBXBuildFile; fileRef = 75ADA1DA28E2F1E000DDAED6 /* ProductCell.swift */; };
		75ADA1E028E2F80500DDAED6 /* CatalogViewModel.swift in Sources */ = {isa = PBXBuildFile; fileRef = 75ADA1DF28E2F80500DDAED6 /* CatalogViewModel.swift */; };
		75ADA1E228E2FCE600DDAED6 /* ProductDetailView.swift in Sources */ = {isa = PBXBuildFile; fileRef = 75ADA1E128E2FCE600DDAED6 /* ProductDetailView.swift */; };
		75D8E33B29A10015000EA05E /* GoogleService-Info.plist in Resources */ = {isa = PBXBuildFile; fileRef = 75D8E33A29A10015000EA05E /* GoogleService-Info.plist */; };
		75D8E33E29A103E0000EA05E /* FirebaseAnalytics in Frameworks */ = {isa = PBXBuildFile; productRef = 75D8E33D29A103E0000EA05E /* FirebaseAnalytics */; };
		75D8E34029A103E0000EA05E /* FirebaseAuth in Frameworks */ = {isa = PBXBuildFile; productRef = 75D8E33F29A103E0000EA05E /* FirebaseAuth */; };
		75D8E34229A103E0000EA05E /* FirebaseFirestore in Frameworks */ = {isa = PBXBuildFile; productRef = 75D8E34129A103E0000EA05E /* FirebaseFirestore */; };
		75D8E34429A103E0000EA05E /* FirebaseStorage in Frameworks */ = {isa = PBXBuildFile; productRef = 75D8E34329A103E0000EA05E /* FirebaseStorage */; };
		75ED627F28E8DDF7007AA2C1 /* ProductDetailViewModel.swift in Sources */ = {isa = PBXBuildFile; fileRef = 75ED627E28E8DDF7007AA2C1 /* ProductDetailViewModel.swift */; };
		75ED628128E98818007AA2C1 /* CartViewModel.swift in Sources */ = {isa = PBXBuildFile; fileRef = 75ED628028E98818007AA2C1 /* CartViewModel.swift */; };
		75ED628328E98849007AA2C1 /* Position.swift in Sources */ = {isa = PBXBuildFile; fileRef = 75ED628228E98849007AA2C1 /* Position.swift */; };
		75ED628528E98DDF007AA2C1 /* PositionCell.swift in Sources */ = {isa = PBXBuildFile; fileRef = 75ED628428E98DDF007AA2C1 /* PositionCell.swift */; };
/* End PBXBuildFile section */

/* Begin PBXFileReference section */
		754CB70F28D9F7C0000CE9B5 /* PizzaBest.app */ = {isa = PBXFileReference; explicitFileType = wrapper.application; includeInIndex = 0; path = PizzaBest.app; sourceTree = BUILT_PRODUCTS_DIR; };
		754CB71228D9F7C0000CE9B5 /* PizzaBestApp.swift */ = {isa = PBXFileReference; lastKnownFileType = sourcecode.swift; path = PizzaBestApp.swift; sourceTree = "<group>"; };
		754CB71428D9F7C0000CE9B5 /* AuthView.swift */ = {isa = PBXFileReference; lastKnownFileType = sourcecode.swift; path = AuthView.swift; sourceTree = "<group>"; };
		754CB71628D9F7C3000CE9B5 /* Assets.xcassets */ = {isa = PBXFileReference; lastKnownFileType = folder.assetcatalog; path = Assets.xcassets; sourceTree = "<group>"; };
		754CB71928D9F7C3000CE9B5 /* Preview Assets.xcassets */ = {isa = PBXFileReference; lastKnownFileType = folder.assetcatalog; path = "Preview Assets.xcassets"; sourceTree = "<group>"; };
		75ADA1CF28E2E3B900DDAED6 /* MainTabBar.swift */ = {isa = PBXFileReference; lastKnownFileType = sourcecode.swift; path = MainTabBar.swift; sourceTree = "<group>"; };
		75ADA1D128E2E8BA00DDAED6 /* CatalogView.swift */ = {isa = PBXFileReference; lastKnownFileType = sourcecode.swift; path = CatalogView.swift; sourceTree = "<group>"; };
		75ADA1D328E2E8FB00DDAED6 /* CartView.swift */ = {isa = PBXFileReference; lastKnownFileType = sourcecode.swift; path = CartView.swift; sourceTree = "<group>"; };
		75ADA1D528E2E92500DDAED6 /* ProfileView.swift */ = {isa = PBXFileReference; lastKnownFileType = sourcecode.swift; path = ProfileView.swift; sourceTree = "<group>"; };
		75ADA1D828E2EF9F00DDAED6 /* Product.swift */ = {isa = PBXFileReference; lastKnownFileType = sourcecode.swift; path = Product.swift; sourceTree = "<group>"; };
		75ADA1DA28E2F1E000DDAED6 /* ProductCell.swift */ = {isa = PBXFileReference; lastKnownFileType = sourcecode.swift; path = ProductCell.swift; sourceTree = "<group>"; };
		75ADA1DF28E2F80500DDAED6 /* CatalogViewModel.swift */ = {isa = PBXFileReference; lastKnownFileType = sourcecode.swift; path = CatalogViewModel.swift; sourceTree = "<group>"; };
		75ADA1E128E2FCE600DDAED6 /* ProductDetailView.swift */ = {isa = PBXFileReference; lastKnownFileType = sourcecode.swift; path = ProductDetailView.swift; sourceTree = "<group>"; };
		75D8E33A29A10015000EA05E /* GoogleService-Info.plist */ = {isa = PBXFileReference; fileEncoding = 4; lastKnownFileType = text.plist.xml; path = "GoogleService-Info.plist"; sourceTree = "<group>"; };
		75ED627E28E8DDF7007AA2C1 /* ProductDetailViewModel.swift */ = {isa = PBXFileReference; lastKnownFileType = sourcecode.swift; path = ProductDetailViewModel.swift; sourceTree = "<group>"; };
		75ED628028E98818007AA2C1 /* CartViewModel.swift */ = {isa = PBXFileReference; lastKnownFileType = sourcecode.swift; path = CartViewModel.swift; sourceTree = "<group>"; };
		75ED628228E98849007AA2C1 /* Position.swift */ = {isa = PBXFileReference; lastKnownFileType = sourcecode.swift; path = Position.swift; sourceTree = "<group>"; };
		75ED628428E98DDF007AA2C1 /* PositionCell.swift */ = {isa = PBXFileReference; lastKnownFileType = sourcecode.swift; path = PositionCell.swift; sourceTree = "<group>"; };
/* End PBXFileReference section */

/* Begin PBXFrameworksBuildPhase section */
		754CB70C28D9F7C0000CE9B5 /* Frameworks */ = {
			isa = PBXFrameworksBuildPhase;
			buildActionMask = 2147483647;
			files = (
				75D8E33E29A103E0000EA05E /* FirebaseAnalytics in Frameworks */,
				75D8E34429A103E0000EA05E /* FirebaseStorage in Frameworks */,
				75D8E34029A103E0000EA05E /* FirebaseAuth in Frameworks */,
				75D8E34229A103E0000EA05E /* FirebaseFirestore in Frameworks */,
			);
			runOnlyForDeploymentPostprocessing = 0;
		};
/* End PBXFrameworksBuildPhase section */

/* Begin PBXGroup section */
		754CB70628D9F7C0000CE9B5 = {
			isa = PBXGroup;
			children = (
				754CB71128D9F7C0000CE9B5 /* PizzaBest */,
				754CB71028D9F7C0000CE9B5 /* Products */,
			);
			sourceTree = "<group>";
		};
		754CB71028D9F7C0000CE9B5 /* Products */ = {
			isa = PBXGroup;
			children = (
				754CB70F28D9F7C0000CE9B5 /* PizzaBest.app */,
			);
			name = Products;
			sourceTree = "<group>";
		};
		754CB71128D9F7C0000CE9B5 /* PizzaBest */ = {
			isa = PBXGroup;
			children = (
				754CB71228D9F7C0000CE9B5 /* PizzaBestApp.swift */,
				75ADA1DD28E2F7D900DDAED6 /* Model */,
				75ADA1D728E2EE1700DDAED6 /* View */,
				75ADA1DE28E2F7E600DDAED6 /* ViewModel */,
				754CB71628D9F7C3000CE9B5 /* Assets.xcassets */,
				75D8E33A29A10015000EA05E /* GoogleService-Info.plist */,
				754CB71828D9F7C3000CE9B5 /* Preview Content */,
			);
			path = PizzaBest;
			sourceTree = "<group>";
		};
		754CB71828D9F7C3000CE9B5 /* Preview Content */ = {
			isa = PBXGroup;
			children = (
				754CB71928D9F7C3000CE9B5 /* Preview Assets.xcassets */,
			);
			path = "Preview Content";
			sourceTree = "<group>";
		};
		75ADA1D728E2EE1700DDAED6 /* View */ = {
			isa = PBXGroup;
			children = (
				754CB71428D9F7C0000CE9B5 /* AuthView.swift */,
				75ADA1E128E2FCE600DDAED6 /* ProductDetailView.swift */,
				75ADA1CF28E2E3B900DDAED6 /* MainTabBar.swift */,
				75ADA1D128E2E8BA00DDAED6 /* CatalogView.swift */,
				75ADA1D328E2E8FB00DDAED6 /* CartView.swift */,
				75ADA1D528E2E92500DDAED6 /* ProfileView.swift */,
				75ADA1DC28E2F1F800DDAED6 /* Components */,
			);
			path = View;
			sourceTree = "<group>";
		};
		75ADA1DC28E2F1F800DDAED6 /* Components */ = {
			isa = PBXGroup;
			children = (
				75ADA1DA28E2F1E000DDAED6 /* ProductCell.swift */,
				75ED628428E98DDF007AA2C1 /* PositionCell.swift */,
			);
			path = Components;
			sourceTree = "<group>";
		};
		75ADA1DD28E2F7D900DDAED6 /* Model */ = {
			isa = PBXGroup;
			children = (
				75ADA1D828E2EF9F00DDAED6 /* Product.swift */,
				75ED628228E98849007AA2C1 /* Position.swift */,
			);
			path = Model;
			sourceTree = "<group>";
		};
		75ADA1DE28E2F7E600DDAED6 /* ViewModel */ = {
			isa = PBXGroup;
			children = (
				75ADA1DF28E2F80500DDAED6 /* CatalogViewModel.swift */,
				75ED627E28E8DDF7007AA2C1 /* ProductDetailViewModel.swift */,
				75ED628028E98818007AA2C1 /* CartViewModel.swift */,
			);
			path = ViewModel;
			sourceTree = "<group>";
		};
/* End PBXGroup section */

/* Begin PBXNativeTarget section */
		754CB70E28D9F7C0000CE9B5 /* PizzaBest */ = {
			isa = PBXNativeTarget;
			buildConfigurationList = 754CB71D28D9F7C3000CE9B5 /* Build configuration list for PBXNativeTarget "PizzaBest" */;
			buildPhases = (
				754CB70B28D9F7C0000CE9B5 /* Sources */,
				754CB70C28D9F7C0000CE9B5 /* Frameworks */,
				754CB70D28D9F7C0000CE9B5 /* Resources */,
			);
			buildRules = (
			);
			dependencies = (
			);
			name = PizzaBest;
			packageProductDependencies = (
				75D8E33D29A103E0000EA05E /* FirebaseAnalytics */,
				75D8E33F29A103E0000EA05E /* FirebaseAuth */,
				75D8E34129A103E0000EA05E /* FirebaseFirestore */,
				75D8E34329A103E0000EA05E /* FirebaseStorage */,
			);
			productName = PizzaBest;
			productReference = 754CB70F28D9F7C0000CE9B5 /* PizzaBest.app */;
			productType = "com.apple.product-type.application";
		};
/* End PBXNativeTarget section */

/* Begin PBXProject section */
		754CB70728D9F7C0000CE9B5 /* Project object */ = {
			isa = PBXProject;
			attributes = {
				BuildIndependentTargetsInParallel = 1;
				LastSwiftUpdateCheck = 1340;
				LastUpgradeCheck = 1340;
				TargetAttributes = {
					754CB70E28D9F7C0000CE9B5 = {
						CreatedOnToolsVersion = 13.4.1;
					};
				};
			};
			buildConfigurationList = 754CB70A28D9F7C0000CE9B5 /* Build configuration list for PBXProject "PizzaBest" */;
			compatibilityVersion = "Xcode 13.0";
			developmentRegion = en;
			hasScannedForEncodings = 0;
			knownRegions = (
				en,
				Base,
			);
			mainGroup = 754CB70628D9F7C0000CE9B5;
			packageReferences = (
				75D8E33C29A103E0000EA05E /* XCRemoteSwiftPackageReference "firebase-ios-sdk" */,
			);
			productRefGroup = 754CB71028D9F7C0000CE9B5 /* Products */;
			projectDirPath = "";
			projectRoot = "";
			targets = (
				754CB70E28D9F7C0000CE9B5 /* PizzaBest */,
			);
		};
/* End PBXProject section */

/* Begin PBXResourcesBuildPhase section */
		754CB70D28D9F7C0000CE9B5 /* Resources */ = {
			isa = PBXResourcesBuildPhase;
			buildActionMask = 2147483647;
			files = (
				754CB71A28D9F7C3000CE9B5 /* Preview Assets.xcassets in Resources */,
				754CB71728D9F7C3000CE9B5 /* Assets.xcassets in Resources */,
				75D8E33B29A10015000EA05E /* GoogleService-Info.plist in Resources */,
			);
			runOnlyForDeploymentPostprocessing = 0;
		};
/* End PBXResourcesBuildPhase section */

/* Begin PBXSourcesBuildPhase section */
		754CB70B28D9F7C0000CE9B5 /* Sources */ = {
			isa = PBXSourcesBuildPhase;
			buildActionMask = 2147483647;
			files = (
				75ED628128E98818007AA2C1 /* CartViewModel.swift in Sources */,
				75ADA1D428E2E8FB00DDAED6 /* CartView.swift in Sources */,
				75ADA1E228E2FCE600DDAED6 /* ProductDetailView.swift in Sources */,
				75ADA1DB28E2F1E000DDAED6 /* ProductCell.swift in Sources */,
				75ADA1D028E2E3B900DDAED6 /* MainTabBar.swift in Sources */,
				754CB71528D9F7C0000CE9B5 /* AuthView.swift in Sources */,
				75ED628528E98DDF007AA2C1 /* PositionCell.swift in Sources */,
				75ED627F28E8DDF7007AA2C1 /* ProductDetailViewModel.swift in Sources */,
				75ED628328E98849007AA2C1 /* Position.swift in Sources */,
				754CB71328D9F7C0000CE9B5 /* PizzaBestApp.swift in Sources */,
				75ADA1D628E2E92500DDAED6 /* ProfileView.swift in Sources */,
				75ADA1D228E2E8BA00DDAED6 /* CatalogView.swift in Sources */,
				75ADA1D928E2EF9F00DDAED6 /* Product.swift in Sources */,
				75ADA1E028E2F80500DDAED6 /* CatalogViewModel.swift in Sources */,
			);
			runOnlyForDeploymentPostprocessing = 0;
		};
/* End PBXSourcesBuildPhase section */

/* Begin XCBuildConfiguration section */
		754CB71B28D9F7C3000CE9B5 /* Debug */ = {
			isa = XCBuildConfiguration;
			buildSettings = {
				ALWAYS_SEARCH_USER_PATHS = NO;
				CLANG_ANALYZER_NONNULL = YES;
				CLANG_ANALYZER_NUMBER_OBJECT_CONVERSION = YES_AGGRESSIVE;
				CLANG_CXX_LANGUAGE_STANDARD = "gnu++17";
				CLANG_ENABLE_MODULES = YES;
				CLANG_ENABLE_OBJC_ARC = YES;
				CLANG_ENABLE_OBJC_WEAK = YES;
				CLANG_WARN_BLOCK_CAPTURE_AUTORELEASING = YES;
				CLANG_WARN_BOOL_CONVERSION = YES;
				CLANG_WARN_COMMA = YES;
				CLANG_WARN_CONSTANT_CONVERSION = YES;
				CLANG_WARN_DEPRECATED_OBJC_IMPLEMENTATIONS = YES;
				CLANG_WARN_DIRECT_OBJC_ISA_USAGE = YES_ERROR;
				CLANG_WARN_DOCUMENTATION_COMMENTS = YES;
				CLANG_WARN_EMPTY_BODY = YES;
				CLANG_WARN_ENUM_CONVERSION = YES;
				CLANG_WARN_INFINITE_RECURSION = YES;
				CLANG_WARN_INT_CONVERSION = YES;
				CLANG_WARN_NON_LITERAL_NULL_CONVERSION = YES;
				CLANG_WARN_OBJC_IMPLICIT_RETAIN_SELF = YES;
				CLANG_WARN_OBJC_LITERAL_CONVERSION = YES;
				CLANG_WARN_OBJC_ROOT_CLASS = YES_ERROR;
				CLANG_WARN_QUOTED_INCLUDE_IN_FRAMEWORK_HEADER = YES;
				CLANG_WARN_RANGE_LOOP_ANALYSIS = YES;
				CLANG_WARN_STRICT_PROTOTYPES = YES;
				CLANG_WARN_SUSPICIOUS_MOVE = YES;
				CLANG_WARN_UNGUARDED_AVAILABILITY = YES_AGGRESSIVE;
				CLANG_WARN_UNREACHABLE_CODE = YES;
				CLANG_WARN__DUPLICATE_METHOD_MATCH = YES;
				COPY_PHASE_STRIP = NO;
				DEBUG_INFORMATION_FORMAT = dwarf;
				ENABLE_STRICT_OBJC_MSGSEND = YES;
				ENABLE_TESTABILITY = YES;
				GCC_C_LANGUAGE_STANDARD = gnu11;
				GCC_DYNAMIC_NO_PIC = NO;
				GCC_NO_COMMON_BLOCKS = YES;
				GCC_OPTIMIZATION_LEVEL = 0;
				GCC_PREPROCESSOR_DEFINITIONS = (
					"DEBUG=1",
					"$(inherited)",
				);
				GCC_WARN_64_TO_32_BIT_CONVERSION = YES;
				GCC_WARN_ABOUT_RETURN_TYPE = YES_ERROR;
				GCC_WARN_UNDECLARED_SELECTOR = YES;
				GCC_WARN_UNINITIALIZED_AUTOS = YES_AGGRESSIVE;
				GCC_WARN_UNUSED_FUNCTION = YES;
				GCC_WARN_UNUSED_VARIABLE = YES;
				IPHONEOS_DEPLOYMENT_TARGET = 15.5;
				MTL_ENABLE_DEBUG_INFO = INCLUDE_SOURCE;
				MTL_FAST_MATH = YES;
				ONLY_ACTIVE_ARCH = YES;
				SDKROOT = iphoneos;
				SWIFT_ACTIVE_COMPILATION_CONDITIONS = DEBUG;
				SWIFT_OPTIMIZATION_LEVEL = "-Onone";
			};
			name = Debug;
		};
		754CB71C28D9F7C3000CE9B5 /* Release */ = {
			isa = XCBuildConfiguration;
			buildSettings = {
				ALWAYS_SEARCH_USER_PATHS = NO;
				CLANG_ANALYZER_NONNULL = YES;
				CLANG_ANALYZER_NUMBER_OBJECT_CONVERSION = YES_AGGRESSIVE;
				CLANG_CXX_LANGUAGE_STANDARD = "gnu++17";
				CLANG_ENABLE_MODULES = YES;
				CLANG_ENABLE_OBJC_ARC = YES;
				CLANG_ENABLE_OBJC_WEAK = YES;
				CLANG_WARN_BLOCK_CAPTURE_AUTORELEASING = YES;
				CLANG_WARN_BOOL_CONVERSION = YES;
				CLANG_WARN_COMMA = YES;
				CLANG_WARN_CONSTANT_CONVERSION = YES;
				CLANG_WARN_DEPRECATED_OBJC_IMPLEMENTATIONS = YES;
				CLANG_WARN_DIRECT_OBJC_ISA_USAGE = YES_ERROR;
				CLANG_WARN_DOCUMENTATION_COMMENTS = YES;
				CLANG_WARN_EMPTY_BODY = YES;
				CLANG_WARN_ENUM_CONVERSION = YES;
				CLANG_WARN_INFINITE_RECURSION = YES;
				CLANG_WARN_INT_CONVERSION = YES;
				CLANG_WARN_NON_LITERAL_NULL_CONVERSION = YES;
				CLANG_WARN_OBJC_IMPLICIT_RETAIN_SELF = YES;
				CLANG_WARN_OBJC_LITERAL_CONVERSION = YES;
				CLANG_WARN_OBJC_ROOT_CLASS = YES_ERROR;
				CLANG_WARN_QUOTED_INCLUDE_IN_FRAMEWORK_HEADER = YES;
				CLANG_WARN_RANGE_LOOP_ANALYSIS = YES;
				CLANG_WARN_STRICT_PROTOTYPES = YES;
				CLANG_WARN_SUSPICIOUS_MOVE = YES;
				CLANG_WARN_UNGUARDED_AVAILABILITY = YES_AGGRESSIVE;
				CLANG_WARN_UNREACHABLE_CODE = YES;
				CLANG_WARN__DUPLICATE_METHOD_MATCH = YES;
				COPY_PHASE_STRIP = NO;
				DEBUG_INFORMATION_FORMAT = "dwarf-with-dsym";
				ENABLE_NS_ASSERTIONS = NO;
				ENABLE_STRICT_OBJC_MSGSEND = YES;
				GCC_C_LANGUAGE_STANDARD = gnu11;
				GCC_NO_COMMON_BLOCKS = YES;
				GCC_WARN_64_TO_32_BIT_CONVERSION = YES;
				GCC_WARN_ABOUT_RETURN_TYPE = YES_ERROR;
				GCC_WARN_UNDECLARED_SELECTOR = YES;
				GCC_WARN_UNINITIALIZED_AUTOS = YES_AGGRESSIVE;
				GCC_WARN_UNUSED_FUNCTION = YES;
				GCC_WARN_UNUSED_VARIABLE = YES;
				IPHONEOS_DEPLOYMENT_TARGET = 15.5;
				MTL_ENABLE_DEBUG_INFO = NO;
				MTL_FAST_MATH = YES;
				SDKROOT = iphoneos;
				SWIFT_COMPILATION_MODE = wholemodule;
				SWIFT_OPTIMIZATION_LEVEL = "-O";
				VALIDATE_PRODUCT = YES;
			};
			name = Release;
		};
		754CB71E28D9F7C3000CE9B5 /* Debug */ = {
			isa = XCBuildConfiguration;
			buildSettings = {
				ASSETCATALOG_COMPILER_APPICON_NAME = AppIcon;
				ASSETCATALOG_COMPILER_GLOBAL_ACCENT_COLOR_NAME = AccentColor;
				CODE_SIGN_STYLE = Automatic;
				CURRENT_PROJECT_VERSION = 1;
				DEVELOPMENT_ASSET_PATHS = "\"PizzaBest/Preview Content\"";
				DEVELOPMENT_TEAM = Q2TWT4N9WP;
				ENABLE_PREVIEWS = YES;
				GENERATE_INFOPLIST_FILE = YES;
				INFOPLIST_KEY_UIApplicationSceneManifest_Generation = YES;
				INFOPLIST_KEY_UIApplicationSupportsIndirectInputEvents = YES;
				INFOPLIST_KEY_UILaunchScreen_Generation = YES;
				INFOPLIST_KEY_UISupportedInterfaceOrientations_iPad = "UIInterfaceOrientationPortrait UIInterfaceOrientationPortraitUpsideDown UIInterfaceOrientationLandscapeLeft UIInterfaceOrientationLandscapeRight";
				INFOPLIST_KEY_UISupportedInterfaceOrientations_iPhone = "UIInterfaceOrientationPortrait UIInterfaceOrientationLandscapeLeft UIInterfaceOrientationLandscapeRight";
				LD_RUNPATH_SEARCH_PATHS = (
					"$(inherited)",
					"@executable_path/Frameworks",
				);
				MARKETING_VERSION = 1.0;
				PRODUCT_BUNDLE_IDENTIFIER = kaiserdem.PizzaBest;
				PRODUCT_NAME = "$(TARGET_NAME)";
				SWIFT_EMIT_LOC_STRINGS = YES;
				SWIFT_VERSION = 5.0;
				TARGETED_DEVICE_FAMILY = "1,2";
			};
			name = Debug;
		};
		754CB71F28D9F7C3000CE9B5 /* Release */ = {
			isa = XCBuildConfiguration;
			buildSettings = {
				ASSETCATALOG_COMPILER_APPICON_NAME = AppIcon;
				ASSETCATALOG_COMPILER_GLOBAL_ACCENT_COLOR_NAME = AccentColor;
				CODE_SIGN_STYLE = Automatic;
				CURRENT_PROJECT_VERSION = 1;
				DEVELOPMENT_ASSET_PATHS = "\"PizzaBest/Preview Content\"";
				DEVELOPMENT_TEAM = Q2TWT4N9WP;
				ENABLE_PREVIEWS = YES;
				GENERATE_INFOPLIST_FILE = YES;
				INFOPLIST_KEY_UIApplicationSceneManifest_Generation = YES;
				INFOPLIST_KEY_UIApplicationSupportsIndirectInputEvents = YES;
				INFOPLIST_KEY_UILaunchScreen_Generation = YES;
				INFOPLIST_KEY_UISupportedInterfaceOrientations_iPad = "UIInterfaceOrientationPortrait UIInterfaceOrientationPortraitUpsideDown UIInterfaceOrientationLandscapeLeft UIInterfaceOrientationLandscapeRight";
				INFOPLIST_KEY_UISupportedInterfaceOrientations_iPhone = "UIInterfaceOrientationPortrait UIInterfaceOrientationLandscapeLeft UIInterfaceOrientationLandscapeRight";
				LD_RUNPATH_SEARCH_PATHS = (
					"$(inherited)",
					"@executable_path/Frameworks",
				);
				MARKETING_VERSION = 1.0;
				PRODUCT_BUNDLE_IDENTIFIER = kaiserdem.PizzaBest;
				PRODUCT_NAME = "$(TARGET_NAME)";
				SWIFT_EMIT_LOC_STRINGS = YES;
				SWIFT_VERSION = 5.0;
				TARGETED_DEVICE_FAMILY = "1,2";
			};
			name = Release;
		};
/* End XCBuildConfiguration section */

/* Begin XCConfigurationList section */
		754CB70A28D9F7C0000CE9B5 /* Build configuration list for PBXProject "PizzaBest" */ = {
			isa = XCConfigurationList;
			buildConfigurations = (
				754CB71B28D9F7C3000CE9B5 /* Debug */,
				754CB71C28D9F7C3000CE9B5 /* Release */,
			);
			defaultConfigurationIsVisible = 0;
			defaultConfigurationName = Release;
		};
		754CB71D28D9F7C3000CE9B5 /* Build configuration list for PBXNativeTarget "PizzaBest" */ = {
			isa = XCConfigurationList;
			buildConfigurations = (
				754CB71E28D9F7C3000CE9B5 /* Debug */,
				754CB71F28D9F7C3000CE9B5 /* Release */,
			);
			defaultConfigurationIsVisible = 0;
			defaultConfigurationName = Release;
		};
/* End XCConfigurationList section */

/* Begin XCRemoteSwiftPackageReference section */
		75D8E33C29A103E0000EA05E /* XCRemoteSwiftPackageReference "firebase-ios-sdk" */ = {
			isa = XCRemoteSwiftPackageReference;
			repositoryURL = "https://github.com/firebase/firebase-ios-sdk";
			requirement = {
				branch = master;
				kind = branch;
			};
		};
/* End XCRemoteSwiftPackageReference section */

/* Begin XCSwiftPackageProductDependency section */
		75D8E33D29A103E0000EA05E /* FirebaseAnalytics */ = {
			isa = XCSwiftPackageProductDependency;
			package = 75D8E33C29A103E0000EA05E /* XCRemoteSwiftPackageReference "firebase-ios-sdk" */;
			productName = FirebaseAnalytics;
		};
		75D8E33F29A103E0000EA05E /* FirebaseAuth */ = {
			isa = XCSwiftPackageProductDependency;
			package = 75D8E33C29A103E0000EA05E /* XCRemoteSwiftPackageReference "firebase-ios-sdk" */;
			productName = FirebaseAuth;
		};
		75D8E34129A103E0000EA05E /* FirebaseFirestore */ = {
			isa = XCSwiftPackageProductDependency;
			package = 75D8E33C29A103E0000EA05E /* XCRemoteSwiftPackageReference "firebase-ios-sdk" */;
			productName = FirebaseFirestore;
		};
		75D8E34329A103E0000EA05E /* FirebaseStorage */ = {
			isa = XCSwiftPackageProductDependency;
			package = 75D8E33C29A103E0000EA05E /* XCRemoteSwiftPackageReference "firebase-ios-sdk" */;
			productName = FirebaseStorage;
		};
/* End XCSwiftPackageProductDependency section */
	};
	rootObject = 754CB70728D9F7C0000CE9B5 /* Project object */;
}
